
Microsoft Visual Studio Solution File, Format Version 12.00
# Visual Studio Version 16
VisualStudioVersion = 16.0.29201.188
MinimumVisualStudioVersion = 10.0.40219.1
Project("{FAE04EC0-301F-11D3-BF4B-00C04F79EFBC}") = "SportsStore", "SportsStore\SportsStore.csproj", "{F7DAAB34-94D6-4D05-9943-BB3AB8546891}"
EndProject
Global
	GlobalSection(SolutionConfigurationPlatforms) = preSolution
		Debug|Any CPU = Debug|Any CPU
		Release|Any CPU = Release|Any CPU
	EndGlobalSection
	GlobalSection(ProjectConfigurationPlatforms) = postSolution
		{F7DAAB34-94D6-4D05-9943-BB3AB8546891}.Debug|Any CPU.ActiveCfg = Debug|Any CPU
		{F7DAAB34-94D6-4D05-9943-BB3AB8546891}.Debug|Any CPU.Build.0 = Debug|Any CPU
		{F7DAAB34-94D6-4D05-9943-BB3AB8546891}.Release|Any CPU.ActiveCfg = Release|Any CPU
		{F7DAAB34-94D6-4D05-9943-BB3AB8546891}.Release|Any CPU.Build.0 = Release|Any CPU
	EndGlobalSection
	GlobalSection(SolutionProperties) = preSolution
		HideSolutionNode = FALSE
	EndGlobalSection
	GlobalSection(ExtensibilityGlobals) = postSolution
		SolutionGuid = {A02F78A5-3816-4ED9-AE35-388E05149D76}
	EndGlobalSection
EndGlobal
